
Microsoft Visual Studio Solution File, Format Version 12.00
# Visual Studio Version 17
VisualStudioVersion = 17.14.36414.22 d17.14
MinimumVisualStudioVersion = 10.0.40219.1
Project("{FAE04EC0-301F-11D3-BF4B-00C04F79EFBC}") = "Tugas1", "Tugas1\Tugas1.csproj", "{BE4FB109-C8BF-4318-86CF-DEDC4BB69C15}"
EndProject
Global
	GlobalSection(SolutionConfigurationPlatforms) = preSolution
		Debug|Any CPU = Debug|Any CPU
		Release|Any CPU = Release|Any CPU
	EndGlobalSection
	GlobalSection(ProjectConfigurationPlatforms) = postSolution
		{BE4FB109-C8BF-4318-86CF-DEDC4BB69C15}.Debug|Any CPU.ActiveCfg = Debug|Any CPU
		{BE4FB109-C8BF-4318-86CF-DEDC4BB69C15}.Debug|Any CPU.Build.0 = Debug|Any CPU
		{BE4FB109-C8BF-4318-86CF-DEDC4BB69C15}.Release|Any CPU.ActiveCfg = Release|Any CPU
		{BE4FB109-C8BF-4318-86CF-DEDC4BB69C15}.Release|Any CPU.Build.0 = Release|Any CPU
	EndGlobalSection
	GlobalSection(SolutionProperties) = preSolution
		HideSolutionNode = FALSE
	EndGlobalSection
	GlobalSection(ExtensibilityGlobals) = postSolution
		SolutionGuid = {EE37123A-2027-42D2-B45D-8042827D1BBE}
	EndGlobalSection
EndGlobal
